PODS:
  - Realm (5.3.2):
    - Realm/Headers (= 5.3.2)
  - Realm/Headers (5.3.2)
  - RealmSwift (5.3.2):
    - Realm (= 5.3.2)

DEPENDENCIES:
  - RealmSwift

SPEC REPOS:
  trunk:
    - Realm
    - RealmSwift

SPEC CHECKSUMS:
  Realm: c6794276ca8884808ba168a22f9d71362b170b85
  RealmSwift: 42ec6cec3170aeeda407f797f07268a7d055ebc7

PODFILE CHECKSUM: 9877a807a5b2a1aafaf0f460fe46fec93c5679bb

COCOAPODS: 1.9.1
