// !$*UTF8*$!
{
	archiveVersion = 1;
	classes = {
	};
	objectVersion = 51;
	objects = {

/* Begin PBXBuildFile section */
		8764BF5D24C9AFA8000474B3 /* AppDelegate.swift in Sources */ = {isa = PBXBuildFile; fileRef = 8764BF5C24C9AFA8000474B3 /* AppDelegate.swift */; };
		8764BF5F24C9AFA8000474B3 /* SceneDelegate.swift in Sources */ = {isa = PBXBuildFile; fileRef = 8764BF5E24C9AFA8000474B3 /* SceneDelegate.swift */; };
		8764BF6124C9AFA8000474B3 /* ViewController.swift in Sources */ = {isa = PBXBuildFile; fileRef = 8764BF6024C9AFA8000474B3 /* ViewController.swift */; };
		8764BF6424C9AFA8000474B3 /* Main.storyboard in Resources */ = {isa = PBXBuildFile; fileRef = 8764BF6224C9AFA8000474B3 /* Main.storyboard */; };
		8764BF6624C9AFAC000474B3 /* Assets.xcassets in Resources */ = {isa = PBXBuildFile; fileRef = 8764BF6524C9AFAC000474B3 /* Assets.xcassets */; };
		8764BF6924C9AFAC000474B3 /* LaunchScreen.storyboard in Resources */ = {isa = PBXBuildFile; fileRef = 8764BF6724C9AFAC000474B3 /* LaunchScreen.storyboard */; };
		8764BF7324C9B4EC000474B3 /* DataManger1.swift in Sources */ = {isa = PBXBuildFile; fileRef = 8764BF7224C9B4EC000474B3 /* DataManger1.swift */; };
		8764BF7524C9B553000474B3 /* DataMangerProtocol.swift in Sources */ = {isa = PBXBuildFile; fileRef = 8764BF7424C9B553000474B3 /* DataMangerProtocol.swift */; };
		8764BF7924CB0971000474B3 /* DataManger.swift in Sources */ = {isa = PBXBuildFile; fileRef = 8764BF7824CB0971000474B3 /* DataManger.swift */; };
		8764BF7B24CC4EE9000474B3 /* RealmDataManger.swift in Sources */ = {isa = PBXBuildFile; fileRef = 8764BF7A24CC4EE9000474B3 /* RealmDataManger.swift */; };
		8764BF7E24CC5463000474B3 /* News.swift in Sources */ = {isa = PBXBuildFile; fileRef = 8764BF7D24CC5463000474B3 /* News.swift */; };
		8764BF8124CC56CC000474B3 /* Mapper.swift in Sources */ = {isa = PBXBuildFile; fileRef = 8764BF8024CC56CC000474B3 /* Mapper.swift */; };
		8764BF8424CC5D47000474B3 /* BaseRepository.swift in Sources */ = {isa = PBXBuildFile; fileRef = 8764BF8324CC5D47000474B3 /* BaseRepository.swift */; };
		8764BF8624CC5FA3000474B3 /* NewsRepository.swift in Sources */ = {isa = PBXBuildFile; fileRef = 8764BF8524CC5FA3000474B3 /* NewsRepository.swift */; };
		8764BF8824CC684F000474B3 /* DataViewModel.swift in Sources */ = {isa = PBXBuildFile; fileRef = 8764BF8724CC684F000474B3 /* DataViewModel.swift */; };
		8764BF8B24CC7BFC000474B3 /* Provider.swift in Sources */ = {isa = PBXBuildFile; fileRef = 8764BF8A24CC7BFC000474B3 /* Provider.swift */; };
		8EF8E3F44DEB779984420BFF /* Pods_RealmWorkspace.framework in Frameworks */ = {isa = PBXBuildFile; fileRef = A391936CB337225AF958976A /* Pods_RealmWorkspace.framework */; };
/* End PBXBuildFile section */

/* Begin PBXFileReference section */
		05724C15090B872FBD475A75 /* Pods-RealmWorkspace.debug.xcconfig */ = {isa = PBXFileReference; includeInIndex = 1; lastKnownFileType = text.xcconfig; name = "Pods-RealmWorkspace.debug.xcconfig"; path = "Target Support Files/Pods-RealmWorkspace/Pods-RealmWorkspace.debug.xcconfig"; sourceTree = "<group>"; };
		8764BF5924C9AFA7000474B3 /* RealmWorkspace.app */ = {isa = PBXFileReference; explicitFileType = wrapper.application; includeInIndex = 0; path = RealmWorkspace.app; sourceTree = BUILT_PRODUCTS_DIR; };
		8764BF5C24C9AFA8000474B3 /* AppDelegate.swift */ = {isa = PBXFileReference; lastKnownFileType = sourcecode.swift; path = AppDelegate.swift; sourceTree = "<group>"; };
		8764BF5E24C9AFA8000474B3 /* SceneDelegate.swift */ = {isa = PBXFileReference; lastKnownFileType = sourcecode.swift; path = SceneDelegate.swift; sourceTree = "<group>"; };
		8764BF6024C9AFA8000474B3 /* ViewController.swift */ = {isa = PBXFileReference; lastKnownFileType = sourcecode.swift; path = ViewController.swift; sourceTree = "<group>"; };
		8764BF6324C9AFA8000474B3 /* Base */ = {isa = PBXFileReference; lastKnownFileType = file.storyboard; name = Base; path = Base.lproj/Main.storyboard; sourceTree = "<group>"; };
		8764BF6524C9AFAC000474B3 /* Assets.xcassets */ = {isa = PBXFileReference; lastKnownFileType = folder.assetcatalog; path = Assets.xcassets; sourceTree = "<group>"; };
		8764BF6824C9AFAC000474B3 /* Base */ = {isa = PBXFileReference; lastKnownFileType = file.storyboard; name = Base; path = Base.lproj/LaunchScreen.storyboard; sourceTree = "<group>"; };
		8764BF6A24C9AFAC000474B3 /* Info.plist */ = {isa = PBXFileReference; lastKnownFileType = text.plist.xml; path = Info.plist; sourceTree = "<group>"; };
		8764BF7224C9B4EC000474B3 /* DataManger1.swift */ = {isa = PBXFileReference; lastKnownFileType = sourcecode.swift; path = DataManger1.swift; sourceTree = "<group>"; };
		8764BF7424C9B553000474B3 /* DataMangerProtocol.swift */ = {isa = PBXFileReference; lastKnownFileType = sourcecode.swift; path = DataMangerProtocol.swift; sourceTree = "<group>"; };
		8764BF7824CB0971000474B3 /* DataManger.swift */ = {isa = PBXFileReference; lastKnownFileType = sourcecode.swift; path = DataManger.swift; sourceTree = "<group>"; };
		8764BF7A24CC4EE9000474B3 /* RealmDataManger.swift */ = {isa = PBXFileReference; lastKnownFileType = sourcecode.swift; path = RealmDataManger.swift; sourceTree = "<group>"; };
		8764BF7D24CC5463000474B3 /* News.swift */ = {isa = PBXFileReference; lastKnownFileType = sourcecode.swift; path = News.swift; sourceTree = "<group>"; };
		8764BF8024CC56CC000474B3 /* Mapper.swift */ = {isa = PBXFileReference; lastKnownFileType = sourcecode.swift; path = Mapper.swift; sourceTree = "<group>"; };
		8764BF8324CC5D47000474B3 /* BaseRepository.swift */ = {isa = PBXFileReference; lastKnownFileType = sourcecode.swift; path = BaseRepository.swift; sourceTree = "<group>"; };
		8764BF8524CC5FA3000474B3 /* NewsRepository.swift */ = {isa = PBXFileReference; lastKnownFileType = sourcecode.swift; path = NewsRepository.swift; sourceTree = "<group>"; };
		8764BF8724CC684F000474B3 /* DataViewModel.swift */ = {isa = PBXFileReference; lastKnownFileType = sourcecode.swift; path = DataViewModel.swift; sourceTree = "<group>"; };
		8764BF8A24CC7BFC000474B3 /* Provider.swift */ = {isa = PBXFileReference; lastKnownFileType = sourcecode.swift; path = Provider.swift; sourceTree = "<group>"; };
		A391936CB337225AF958976A /* Pods_RealmWorkspace.framework */ = {isa = PBXFileReference; explicitFileType = wrapper.framework; includeInIndex = 0; path = Pods_RealmWorkspace.framework; sourceTree = BUILT_PRODUCTS_DIR; };
		BBC934125FFD9F56AB3BEEC7 /* Pods-RealmWorkspace.release.xcconfig */ = {isa = PBXFileReference; includeInIndex = 1; lastKnownFileType = text.xcconfig; name = "Pods-RealmWorkspace.release.xcconfig"; path = "Target Support Files/Pods-RealmWorkspace/Pods-RealmWorkspace.release.xcconfig"; sourceTree = "<group>"; };
/* End PBXFileReference section */

/* Begin PBXFrameworksBuildPhase section */
		8764BF5624C9AFA7000474B3 /* Frameworks */ = {
			isa = PBXFrameworksBuildPhase;
			buildActionMask = 2147483647;
			files = (
				8EF8E3F44DEB779984420BFF /* Pods_RealmWorkspace.framework in Frameworks */,
			);
			runOnlyForDeploymentPostprocessing = 0;
		};
/* End PBXFrameworksBuildPhase section */

/* Begin PBXGroup section */
		1396790388C85DA751468B96 /* Frameworks */ = {
			isa = PBXGroup;
			children = (
				A391936CB337225AF958976A /* Pods_RealmWorkspace.framework */,
			);
			name = Frameworks;
			sourceTree = "<group>";
		};
		6A3DF3D724A15098F5DA1B14 /* Pods */ = {
			isa = PBXGroup;
			children = (
				05724C15090B872FBD475A75 /* Pods-RealmWorkspace.debug.xcconfig */,
				BBC934125FFD9F56AB3BEEC7 /* Pods-RealmWorkspace.release.xcconfig */,
			);
			path = Pods;
			sourceTree = "<group>";
		};
		8764BF5024C9AFA7000474B3 = {
			isa = PBXGroup;
			children = (
				8764BF5B24C9AFA7000474B3 /* RealmWorkspace */,
				8764BF5A24C9AFA7000474B3 /* Products */,
				6A3DF3D724A15098F5DA1B14 /* Pods */,
				1396790388C85DA751468B96 /* Frameworks */,
			);
			sourceTree = "<group>";
		};
		8764BF5A24C9AFA7000474B3 /* Products */ = {
			isa = PBXGroup;
			children = (
				8764BF5924C9AFA7000474B3 /* RealmWorkspace.app */,
			);
			name = Products;
			sourceTree = "<group>";
		};
		8764BF5B24C9AFA7000474B3 /* RealmWorkspace */ = {
			isa = PBXGroup;
			children = (
				8764BF7624CA6320000474B3 /* RealmWorkspace1 */,
				8764BF7024C9B4C5000474B3 /* RealmWorkspace */,
				8764BF5C24C9AFA8000474B3 /* AppDelegate.swift */,
				8764BF5E24C9AFA8000474B3 /* SceneDelegate.swift */,
				8764BF6024C9AFA8000474B3 /* ViewController.swift */,
				8764BF6224C9AFA8000474B3 /* Main.storyboard */,
				8764BF6524C9AFAC000474B3 /* Assets.xcassets */,
				8764BF6724C9AFAC000474B3 /* LaunchScreen.storyboard */,
				8764BF6A24C9AFAC000474B3 /* Info.plist */,
			);
			path = RealmWorkspace;
			sourceTree = "<group>";
		};
		8764BF7024C9B4C5000474B3 /* RealmWorkspace */ = {
			isa = PBXGroup;
			children = (
				8764BF7224C9B4EC000474B3 /* DataManger1.swift */,
				8764BF7424C9B553000474B3 /* DataMangerProtocol.swift */,
			);
			path = RealmWorkspace;
			sourceTree = "<group>";
		};
		8764BF7624CA6320000474B3 /* RealmWorkspace1 */ = {
			isa = PBXGroup;
			children = (
				8764BF8924CC7BED000474B3 /* Provider */,
				8764BF8224CC5CC4000474B3 /* Repository */,
				8764BF7F24CC56BE000474B3 /* Mapper */,
				8764BF7C24CC5456000474B3 /* Model */,
				8764BF7724CA6344000474B3 /* Mangers */,
				8764BF8724CC684F000474B3 /* DataViewModel.swift */,
			);
			path = RealmWorkspace1;
			sourceTree = "<group>";
		};
		8764BF7724CA6344000474B3 /* Mangers */ = {
			isa = PBXGroup;
			children = (
				8764BF7824CB0971000474B3 /* DataManger.swift */,
				8764BF7A24CC4EE9000474B3 /* RealmDataManger.swift */,
			);
			path = Mangers;
			sourceTree = "<group>";
		};
		8764BF7C24CC5456000474B3 /* Model */ = {
			isa = PBXGroup;
			children = (
				8764BF7D24CC5463000474B3 /* News.swift */,
			);
			path = Model;
			sourceTree = "<group>";
		};
		8764BF7F24CC56BE000474B3 /* Mapper */ = {
			isa = PBXGroup;
			children = (
				8764BF8024CC56CC000474B3 /* Mapper.swift */,
			);
			path = Mapper;
			sourceTree = "<group>";
		};
		8764BF8224CC5CC4000474B3 /* Repository */ = {
			isa = PBXGroup;
			children = (
				8764BF8324CC5D47000474B3 /* BaseRepository.swift */,
				8764BF8524CC5FA3000474B3 /* NewsRepository.swift */,
			);
			path = Repository;
			sourceTree = "<group>";
		};
		8764BF8924CC7BED000474B3 /* Provider */ = {
			isa = PBXGroup;
			children = (
				8764BF8A24CC7BFC000474B3 /* Provider.swift */,
			);
			path = Provider;
			sourceTree = "<group>";
		};
/* End PBXGroup section */

/* Begin PBXNativeTarget section */
		8764BF5824C9AFA7000474B3 /* RealmWorkspace */ = {
			isa = PBXNativeTarget;
			buildConfigurationList = 8764BF6D24C9AFAC000474B3 /* Build configuration list for PBXNativeTarget "RealmWorkspace" */;
			buildPhases = (
				EECAD16B1437A79958073D3E /* [CP] Check Pods Manifest.lock */,
				8764BF5524C9AFA7000474B3 /* Sources */,
				8764BF5624C9AFA7000474B3 /* Frameworks */,
				8764BF5724C9AFA7000474B3 /* Resources */,
				B5ED7DDE1D4CD46CCD3BDB2B /* [CP] Embed Pods Frameworks */,
			);
			buildRules = (
			);
			dependencies = (
			);
			name = RealmWorkspace;
			productName = RealmWorkspace;
			productReference = 8764BF5924C9AFA7000474B3 /* RealmWorkspace.app */;
			productType = "com.apple.product-type.application";
		};
/* End PBXNativeTarget section */

/* Begin PBXProject section */
		8764BF5124C9AFA7000474B3 /* Project object */ = {
			isa = PBXProject;
			attributes = {
				LastSwiftUpdateCheck = 1120;
				LastUpgradeCheck = 1120;
				ORGANIZATIONNAME = "Mohamed Korany Ali";
				TargetAttributes = {
					8764BF5824C9AFA7000474B3 = {
						CreatedOnToolsVersion = 11.2.1;
					};
				};
			};
			buildConfigurationList = 8764BF5424C9AFA7000474B3 /* Build configuration list for PBXProject "RealmWorkspace" */;
			compatibilityVersion = "Xcode 9.3";
			developmentRegion = en;
			hasScannedForEncodings = 0;
			knownRegions = (
				en,
				Base,
			);
			mainGroup = 8764BF5024C9AFA7000474B3;
			productRefGroup = 8764BF5A24C9AFA7000474B3 /* Products */;
			projectDirPath = "";
			projectRoot = "";
			targets = (
				8764BF5824C9AFA7000474B3 /* RealmWorkspace */,
			);
		};
/* End PBXProject section */

/* Begin PBXResourcesBuildPhase section */
		8764BF5724C9AFA7000474B3 /* Resources */ = {
			isa = PBXResourcesBuildPhase;
			buildActionMask = 2147483647;
			files = (
				8764BF6924C9AFAC000474B3 /* LaunchScreen.storyboard in Resources */,
				8764BF6624C9AFAC000474B3 /* Assets.xcassets in Resources */,
				8764BF6424C9AFA8000474B3 /* Main.storyboard in Resources */,
			);
			runOnlyForDeploymentPostprocessing = 0;
		};
/* End PBXResourcesBuildPhase section */

/* Begin PBXShellScriptBuildPhase section */
		B5ED7DDE1D4CD46CCD3BDB2B /* [CP] Embed Pods Frameworks */ = {
			isa = PBXShellScriptBuildPhase;
			buildActionMask = 2147483647;
			files = (
			);
			inputFileListPaths = (
				"${PODS_ROOT}/Target Support Files/Pods-RealmWorkspace/Pods-RealmWorkspace-frameworks-${CONFIGURATION}-input-files.xcfilelist",
			);
			name = "[CP] Embed Pods Frameworks";
			outputFileListPaths = (
				"${PODS_ROOT}/Target Support Files/Pods-RealmWorkspace/Pods-RealmWorkspace-frameworks-${CONFIGURATION}-output-files.xcfilelist",
			);
			runOnlyForDeploymentPostprocessing = 0;
			shellPath = /bin/sh;
			shellScript = "\"${PODS_ROOT}/Target Support Files/Pods-RealmWorkspace/Pods-RealmWorkspace-frameworks.sh\"\n";
			showEnvVarsInLog = 0;
		};
		EECAD16B1437A79958073D3E /* [CP] Check Pods Manifest.lock */ = {
			isa = PBXShellScriptBuildPhase;
			buildActionMask = 2147483647;
			files = (
			);
			inputFileListPaths = (
			);
			inputPaths = (
				"${PODS_PODFILE_DIR_PATH}/Podfile.lock",
				"${PODS_ROOT}/Manifest.lock",
			);
			name = "[CP] Check Pods Manifest.lock";
			outputFileListPaths = (
			);
			outputPaths = (
				"$(DERIVED_FILE_DIR)/Pods-RealmWorkspace-checkManifestLockResult.txt",
			);
			runOnlyForDeploymentPostprocessing = 0;
			shellPath = /bin/sh;
			shellScript = "diff \"${PODS_PODFILE_DIR_PATH}/Podfile.lock\" \"${PODS_ROOT}/Manifest.lock\" > /dev/null\nif [ $? != 0 ] ; then\n    # print error to STDERR\n    echo \"error: The sandbox is not in sync with the Podfile.lock. Run 'pod install' or update your CocoaPods installation.\" >&2\n    exit 1\nfi\n# This output is used by Xcode 'outputs' to avoid re-running this script phase.\necho \"SUCCESS\" > \"${SCRIPT_OUTPUT_FILE_0}\"\n";
			showEnvVarsInLog = 0;
		};
/* End PBXShellScriptBuildPhase section */

/* Begin PBXSourcesBuildPhase section */
		8764BF5524C9AFA7000474B3 /* Sources */ = {
			isa = PBXSourcesBuildPhase;
			buildActionMask = 2147483647;
			files = (
				8764BF7524C9B553000474B3 /* DataMangerProtocol.swift in Sources */,
				8764BF6124C9AFA8000474B3 /* ViewController.swift in Sources */,
				8764BF7E24CC5463000474B3 /* News.swift in Sources */,
				8764BF7324C9B4EC000474B3 /* DataManger1.swift in Sources */,
				8764BF8124CC56CC000474B3 /* Mapper.swift in Sources */,
				8764BF7B24CC4EE9000474B3 /* RealmDataManger.swift in Sources */,
				8764BF5D24C9AFA8000474B3 /* AppDelegate.swift in Sources */,
				8764BF5F24C9AFA8000474B3 /* SceneDelegate.swift in Sources */,
				8764BF8824CC684F000474B3 /* DataViewModel.swift in Sources */,
				8764BF8B24CC7BFC000474B3 /* Provider.swift in Sources */,
				8764BF8424CC5D47000474B3 /* BaseRepository.swift in Sources */,
				8764BF8624CC5FA3000474B3 /* NewsRepository.swift in Sources */,
				8764BF7924CB0971000474B3 /* DataManger.swift in Sources */,
			);
			runOnlyForDeploymentPostprocessing = 0;
		};
/* End PBXSourcesBuildPhase section */

/* Begin PBXVariantGroup section */
		8764BF6224C9AFA8000474B3 /* Main.storyboard */ = {
			isa = PBXVariantGroup;
			children = (
				8764BF6324C9AFA8000474B3 /* Base */,
			);
			name = Main.storyboard;
			sourceTree = "<group>";
		};
		8764BF6724C9AFAC000474B3 /* LaunchScreen.storyboard */ = {
			isa = PBXVariantGroup;
			children = (
				8764BF6824C9AFAC000474B3 /* Base */,
			);
			name = LaunchScreen.storyboard;
			sourceTree = "<group>";
		};
/* End PBXVariantGroup section */

/* Begin XCBuildConfiguration section */
		8764BF6B24C9AFAC000474B3 /* Debug */ = {
			isa = XCBuildConfiguration;
			buildSettings = {
				ALWAYS_SEARCH_USER_PATHS = NO;
				CLANG_ANALYZER_NONNULL = YES;
				CLANG_ANALYZER_NUMBER_OBJECT_CONVERSION = YES_AGGRESSIVE;
				CLANG_CXX_LANGUAGE_STANDARD = "gnu++14";
				CLANG_CXX_LIBRARY = "libc++";
				CLANG_ENABLE_MODULES = YES;
				CLANG_ENABLE_OBJC_ARC = YES;
				CLANG_ENABLE_OBJC_WEAK = YES;
				CLANG_WARN_BLOCK_CAPTURE_AUTORELEASING = YES;
				CLANG_WARN_BOOL_CONVERSION = YES;
				CLANG_WARN_COMMA = YES;
				CLANG_WARN_CONSTANT_CONVERSION = YES;
				CLANG_WARN_DEPRECATED_OBJC_IMPLEMENTATIONS = YES;
				CLANG_WARN_DIRECT_OBJC_ISA_USAGE = YES_ERROR;
				CLANG_WARN_DOCUMENTATION_COMMENTS = YES;
				CLANG_WARN_EMPTY_BODY = YES;
				CLANG_WARN_ENUM_CONVERSION = YES;
				CLANG_WARN_INFINITE_RECURSION = YES;
				CLANG_WARN_INT_CONVERSION = YES;
				CLANG_WARN_NON_LITERAL_NULL_CONVERSION = YES;
				CLANG_WARN_OBJC_IMPLICIT_RETAIN_SELF = YES;
				CLANG_WARN_OBJC_LITERAL_CONVERSION = YES;
				CLANG_WARN_OBJC_ROOT_CLASS = YES_ERROR;
				CLANG_WARN_RANGE_LOOP_ANALYSIS = YES;
				CLANG_WARN_STRICT_PROTOTYPES = YES;
				CLANG_WARN_SUSPICIOUS_MOVE = YES;
				CLANG_WARN_UNGUARDED_AVAILABILITY = YES_AGGRESSIVE;
				CLANG_WARN_UNREACHABLE_CODE = YES;
				CLANG_WARN__DUPLICATE_METHOD_MATCH = YES;
				COPY_PHASE_STRIP = NO;
				DEBUG_INFORMATION_FORMAT = dwarf;
				ENABLE_STRICT_OBJC_MSGSEND = YES;
				ENABLE_TESTABILITY = YES;
				GCC_C_LANGUAGE_STANDARD = gnu11;
				GCC_DYNAMIC_NO_PIC = NO;
				GCC_NO_COMMON_BLOCKS = YES;
				GCC_OPTIMIZATION_LEVEL = 0;
				GCC_PREPROCESSOR_DEFINITIONS = (
					"DEBUG=1",
					"$(inherited)",
				);
				GCC_WARN_64_TO_32_BIT_CONVERSION = YES;
				GCC_WARN_ABOUT_RETURN_TYPE = YES_ERROR;
				GCC_WARN_UNDECLARED_SELECTOR = YES;
				GCC_WARN_UNINITIALIZED_AUTOS = YES_AGGRESSIVE;
				GCC_WARN_UNUSED_FUNCTION = YES;
				GCC_WARN_UNUSED_VARIABLE = YES;
				IPHONEOS_DEPLOYMENT_TARGET = 13.2;
				MTL_ENABLE_DEBUG_INFO = INCLUDE_SOURCE;
				MTL_FAST_MATH = YES;
				ONLY_ACTIVE_ARCH = YES;
				SDKROOT = iphoneos;
				SWIFT_ACTIVE_COMPILATION_CONDITIONS = DEBUG;
				SWIFT_OPTIMIZATION_LEVEL = "-Onone";
			};
			name = Debug;
		};
		8764BF6C24C9AFAC000474B3 /* Release */ = {
			isa = XCBuildConfiguration;
			buildSettings = {
				ALWAYS_SEARCH_USER_PATHS = NO;
				CLANG_ANALYZER_NONNULL = YES;
				CLANG_ANALYZER_NUMBER_OBJECT_CONVERSION = YES_AGGRESSIVE;
				CLANG_CXX_LANGUAGE_STANDARD = "gnu++14";
				CLANG_CXX_LIBRARY = "libc++";
				CLANG_ENABLE_MODULES = YES;
				CLANG_ENABLE_OBJC_ARC = YES;
				CLANG_ENABLE_OBJC_WEAK = YES;
				CLANG_WARN_BLOCK_CAPTURE_AUTORELEASING = YES;
				CLANG_WARN_BOOL_CONVERSION = YES;
				CLANG_WARN_COMMA = YES;
				CLANG_WARN_CONSTANT_CONVERSION = YES;
				CLANG_WARN_DEPRECATED_OBJC_IMPLEMENTATIONS = YES;
				CLANG_WARN_DIRECT_OBJC_ISA_USAGE = YES_ERROR;
				CLANG_WARN_DOCUMENTATION_COMMENTS = YES;
				CLANG_WARN_EMPTY_BODY = YES;
				CLANG_WARN_ENUM_CONVERSION = YES;
				CLANG_WARN_INFINITE_RECURSION = YES;
				CLANG_WARN_INT_CONVERSION = YES;
				CLANG_WARN_NON_LITERAL_NULL_CONVERSION = YES;
				CLANG_WARN_OBJC_IMPLICIT_RETAIN_SELF = YES;
				CLANG_WARN_OBJC_LITERAL_CONVERSION = YES;
				CLANG_WARN_OBJC_ROOT_CLASS = YES_ERROR;
				CLANG_WARN_RANGE_LOOP_ANALYSIS = YES;
				CLANG_WARN_STRICT_PROTOTYPES = YES;
				CLANG_WARN_SUSPICIOUS_MOVE = YES;
				CLANG_WARN_UNGUARDED_AVAILABILITY = YES_AGGRESSIVE;
				CLANG_WARN_UNREACHABLE_CODE = YES;
				CLANG_WARN__DUPLICATE_METHOD_MATCH = YES;
				COPY_PHASE_STRIP = NO;
				DEBUG_INFORMATION_FORMAT = "dwarf-with-dsym";
				ENABLE_NS_ASSERTIONS = NO;
				ENABLE_STRICT_OBJC_MSGSEND = YES;
				GCC_C_LANGUAGE_STANDARD = gnu11;
				GCC_NO_COMMON_BLOCKS = YES;
				GCC_WARN_64_TO_32_BIT_CONVERSION = YES;
				GCC_WARN_ABOUT_RETURN_TYPE = YES_ERROR;
				GCC_WARN_UNDECLARED_SELECTOR = YES;
				GCC_WARN_UNINITIALIZED_AUTOS = YES_AGGRESSIVE;
				GCC_WARN_UNUSED_FUNCTION = YES;
				GCC_WARN_UNUSED_VARIABLE = YES;
				IPHONEOS_DEPLOYMENT_TARGET = 13.2;
				MTL_ENABLE_DEBUG_INFO = NO;
				MTL_FAST_MATH = YES;
				SDKROOT = iphoneos;
				SWIFT_COMPILATION_MODE = wholemodule;
				SWIFT_OPTIMIZATION_LEVEL = "-O";
				VALIDATE_PRODUCT = YES;
			};
			name = Release;
		};
		8764BF6E24C9AFAC000474B3 /* Debug */ = {
			isa = XCBuildConfiguration;
			baseConfigurationReference = 05724C15090B872FBD475A75 /* Pods-RealmWorkspace.debug.xcconfig */;
			buildSettings = {
				ASSETCATALOG_COMPILER_APPICON_NAME = AppIcon;
				CODE_SIGN_STYLE = Automatic;
				DEVELOPMENT_TEAM = 65BYK5SR4J;
				INFOPLIST_FILE = RealmWorkspace/Info.plist;
				LD_RUNPATH_SEARCH_PATHS = (
					"$(inherited)",
					"@executable_path/Frameworks",
				);
				PRODUCT_BUNDLE_IDENTIFIER = RM.RealmWorkspace;
				PRODUCT_NAME = "$(TARGET_NAME)";
				SWIFT_VERSION = 5.0;
				TARGETED_DEVICE_FAMILY = "1,2";
			};
			name = Debug;
		};
		8764BF6F24C9AFAC000474B3 /* Release */ = {
			isa = XCBuildConfiguration;
			baseConfigurationReference = BBC934125FFD9F56AB3BEEC7 /* Pods-RealmWorkspace.release.xcconfig */;
			buildSettings = {
				ASSETCATALOG_COMPILER_APPICON_NAME = AppIcon;
				CODE_SIGN_STYLE = Automatic;
				DEVELOPMENT_TEAM = 65BYK5SR4J;
				INFOPLIST_FILE = RealmWorkspace/Info.plist;
				LD_RUNPATH_SEARCH_PATHS = (
					"$(inherited)",
					"@executable_path/Frameworks",
				);
				PRODUCT_BUNDLE_IDENTIFIER = RM.RealmWorkspace;
				PRODUCT_NAME = "$(TARGET_NAME)";
				SWIFT_VERSION = 5.0;
				TARGETED_DEVICE_FAMILY = "1,2";
			};
			name = Release;
		};
/* End XCBuildConfiguration section */

/* Begin XCConfigurationList section */
		8764BF5424C9AFA7000474B3 /* Build configuration list for PBXProject "RealmWorkspace" */ = {
			isa = XCConfigurationList;
			buildConfigurations = (
				8764BF6B24C9AFAC000474B3 /* Debug */,
				8764BF6C24C9AFAC000474B3 /* Release */,
			);
			defaultConfigurationIsVisible = 0;
			defaultConfigurationName = Release;
		};
		8764BF6D24C9AFAC000474B3 /* Build configuration list for PBXNativeTarget "RealmWorkspace" */ = {
			isa = XCConfigurationList;
			buildConfigurations = (
				8764BF6E24C9AFAC000474B3 /* Debug */,
				8764BF6F24C9AFAC000474B3 /* Release */,
			);
			defaultConfigurationIsVisible = 0;
			defaultConfigurationName = Release;
		};
/* End XCConfigurationList section */
	};
	rootObject = 8764BF5124C9AFA7000474B3 /* Project object */;
}
